hash: c97d5199b1c87df1557ea879cc5e107ed6c1d8d0954532f94d24fbcc67dc08df
updated: 2018-10-12T15:17:38.450696278-07:00
imports:
- name: github.com/BurntSushi/toml
  version: bbd5bb678321a0d6e58f1099321dfa73391c1b6f
- name: github.com/dgrijalva/jwt-go
  version: 3af4c746e1c248ee8491a3e0c6f7a9cd831e95f8
- name: github.com/IBM-Bluemix/bluemix-cli-sdk
  version: 9bc09cc35ace8ecdd3411ddcd3757c23a04717bd
  subpackages:
  - common/rest
- name: github.com/renier/xmlrpc
  version: ce4a1a486c03a3c6e1816df25b8c559d1879d380
- name: github.com/softlayer/softlayer-go
  version: 7b4687c6b2502a895404bf40d555088ea500abc3
  subpackages:
  - config
  - datatypes
  - filter
  - services
  - session
  - sl
- name: go.uber.org/atomic
  version: 1ea20fb1cbb1cc08cbd0d913a96dead89aa18289
- name: go.uber.org/multierr
  version: 3c4937480c32f4c13a875a1829af76c98ca3d40a
- name: go.uber.org/zap
  version: eeedf312bc6c57391d84767a4cd413f02a917974
  subpackages:
  - buffer
  - internal/bufferpool
  - internal/color
  - internal/exit
  - zapcore
- name: golang.org/x/text
  version: 4d1c5fb19474adfe9562c9847ba425e7da817e81
  subpackages:
  - encoding
  - encoding/charmap
  - encoding/internal
  - encoding/internal/identifier
  - transform
testImports:
- name: github.com/davecgh/go-spew
  version: d8f796af33cc11cb798c1aaeb27a4ebc5099927d
  subpackages:
  - spew
- name: github.com/onsi/ginkgo
  version: 2445fc1ddb3b4d9738f16af50182d47878701cc3
- name: github.com/onsi/gomega
  version: 7615b9433f86a8bdf29709bf288bc4fd0636a369
- name: github.com/pmezard/go-difflib
  version: 792786c7400a136282c1664665ae0a8db921c6c2
  subpackages:
  - difflib
- name: github.com/stretchr/testify
  version: 2db35c88b92a1631e987089b5485a95e68bc5d3a
  subpackages:
  - assert
